// !$*UTF8*$!
{
	archiveVersion = 1;
	classes = {
	};
	objectVersion = 50;
	objects = {

/* Begin PBXBuildFile section */
		22293C802225C32100679971 /* AppDelegate.swift in Sources */ = {isa = PBXBuildFile; fileRef = 22293C7F2225C32100679971 /* AppDelegate.swift */; };
		22293C822225C32100679971 /* ViewController.swift in Sources */ = {isa = PBXBuildFile; fileRef = 22293C812225C32100679971 /* ViewController.swift */; };
		22293C852225C32100679971 /* Main.storyboard in Resources */ = {isa = PBXBuildFile; fileRef = 22293C832225C32100679971 /* Main.storyboard */; };
		22293C872225C32200679971 /* Assets.xcassets in Resources */ = {isa = PBXBuildFile; fileRef = 22293C862225C32200679971 /* Assets.xcassets */; };
		22293C8A2225C32200679971 /* LaunchScreen.storyboard in Resources */ = {isa = PBXBuildFile; fileRef = 22293C882225C32200679971 /* LaunchScreen.storyboard */; };
		22293C952225C32200679971 /* TestRecipesTests.swift in Sources */ = {isa = PBXBuildFile; fileRef = 22293C942225C32200679971 /* TestRecipesTests.swift */; };
/* End PBXBuildFile section */

/* Begin PBXContainerItemProxy section */
		22293C912225C32200679971 /* PBXContainerItemProxy */ = {
			isa = PBXContainerItemProxy;
			containerPortal = 22293C742225C32100679971 /* Project object */;
			proxyType = 1;
			remoteGlobalIDString = 22293C7B2225C32100679971;
			remoteInfo = TestRecipes;
		};
/* End PBXContainerItemProxy section */

/* Begin PBXFileReference section */
		22293C7C2225C32100679971 /* TestRecipes.app */ = {isa = PBXFileReference; explicitFileType = wrapper.application; includeInIndex = 0; path = TestRecipes.app; sourceTree = BUILT_PRODUCTS_DIR; };
		22293C7F2225C32100679971 /* AppDelegate.swift */ = {isa = PBXFileReference; lastKnownFileType = sourcecode.swift; path = AppDelegate.swift; sourceTree = "<group>"; };
		22293C812225C32100679971 /* ViewController.swift */ = {isa = PBXFileReference; lastKnownFileType = sourcecode.swift; path = ViewController.swift; sourceTree = "<group>"; };
		22293C842225C32100679971 /* Base */ = {isa = PBXFileReference; lastKnownFileType = file.storyboard; name = Base; path = Base.lproj/Main.storyboard; sourceTree = "<group>"; };
		22293C862225C32200679971 /* Assets.xcassets */ = {isa = PBXFileReference; lastKnownFileType = folder.assetcatalog; path = Assets.xcassets; sourceTree = "<group>"; };
		22293C892225C32200679971 /* Base */ = {isa = PBXFileReference; lastKnownFileType = file.storyboard; name = Base; path = Base.lproj/LaunchScreen.storyboard; sourceTree = "<group>"; };
		22293C8B2225C32200679971 /* Info.plist */ = {isa = PBXFileReference; lastKnownFileType = text.plist.xml; path = Info.plist; sourceTree = "<group>"; };
		22293C902225C32200679971 /* TestRecipesTests.xctest */ = {isa = PBXFileReference; explicitFileType = wrapper.cfbundle; includeInIndex = 0; path = TestRecipesTests.xctest; sourceTree = BUILT_PRODUCTS_DIR; };
		22293C942225C32200679971 /* TestRecipesTests.swift */ = {isa = PBXFileReference; lastKnownFileType = sourcecode.swift; path = TestRecipesTests.swift; sourceTree = "<group>"; };
		22293C962225C32200679971 /* Info.plist */ = {isa = PBXFileReference; lastKnownFileType = text.plist.xml; path = Info.plist; sourceTree = "<group>"; };
/* End PBXFileReference section */

/* Begin PBXFrameworksBuildPhase section */
		22293C792225C32100679971 /* Frameworks */ = {
			isa = PBXFrameworksBuildPhase;
			buildActionMask = 2147483647;
			files = (
			);
			runOnlyForDeploymentPostprocessing = 0;
		};
		22293C8D2225C32200679971 /* Frameworks */ = {
			isa = PBXFrameworksBuildPhase;
			buildActionMask = 2147483647;
			files = (
			);
			runOnlyForDeploymentPostprocessing = 0;
		};
/* End PBXFrameworksBuildPhase section */

/* Begin PBXGroup section */
		22293C732225C32100679971 = {
			isa = PBXGroup;
			children = (
				22293C7E2225C32100679971 /* TestRecipes */,
				22293C932225C32200679971 /* TestRecipesTests */,
				22293C7D2225C32100679971 /* Products */,
			);
			sourceTree = "<group>";
		};
		22293C7D2225C32100679971 /* Products */ = {
			isa = PBXGroup;
			children = (
				22293C7C2225C32100679971 /* TestRecipes.app */,
				22293C902225C32200679971 /* TestRecipesTests.xctest */,
			);
			name = Products;
			sourceTree = "<group>";
		};
		22293C7E2225C32100679971 /* TestRecipes */ = {
			isa = PBXGroup;
			children = (
				22293C7F2225C32100679971 /* AppDelegate.swift */,
				22293C812225C32100679971 /* ViewController.swift */,
				22293C832225C32100679971 /* Main.storyboard */,
				22293C862225C32200679971 /* Assets.xcassets */,
				22293C882225C32200679971 /* LaunchScreen.storyboard */,
				22293C8B2225C32200679971 /* Info.plist */,
			);
			path = TestRecipes;
			sourceTree = "<group>";
		};
		22293C932225C32200679971 /* TestRecipesTests */ = {
			isa = PBXGroup;
			children = (
				22293C942225C32200679971 /* TestRecipesTests.swift */,
				22293C962225C32200679971 /* Info.plist */,
			);
			path = TestRecipesTests;
			sourceTree = "<group>";
		};
/* End PBXGroup section */

/* Begin PBXNativeTarget section */
		22293C7B2225C32100679971 /* TestRecipes */ = {
			isa = PBXNativeTarget;
			buildConfigurationList = 22293C992225C32200679971 /* Build configuration list for PBXNativeTarget "TestRecipes" */;
			buildPhases = (
				22293C782225C32100679971 /* Sources */,
				22293C792225C32100679971 /* Frameworks */,
				22293C7A2225C32100679971 /* Resources */,
			);
			buildRules = (
			);
			dependencies = (
			);
			name = TestRecipes;
			productName = TestRecipes;
			productReference = 22293C7C2225C32100679971 /* TestRecipes.app */;
			productType = "com.apple.product-type.application";
		};
		22293C8F2225C32200679971 /* TestRecipesTests */ = {
			isa = PBXNativeTarget;
			buildConfigurationList = 22293C9C2225C32200679971 /* Build configuration list for PBXNativeTarget "TestRecipesTests" */;
			buildPhases = (
				22293C8C2225C32200679971 /* Sources */,
				22293C8D2225C32200679971 /* Frameworks */,
				22293C8E2225C32200679971 /* Resources */,
			);
			buildRules = (
			);
			dependencies = (
				22293C922225C32200679971 /* PBXTargetDependency */,
			);
			name = TestRecipesTests;
			productName = TestRecipesTests;
			productReference = 22293C902225C32200679971 /* TestRecipesTests.xctest */;
			productType = "com.apple.product-type.bundle.unit-test";
		};
/* End PBXNativeTarget section */

/* Begin PBXProject section */
		22293C742225C32100679971 /* Project object */ = {
			isa = PBXProject;
			attributes = {
				LastSwiftUpdateCheck = 1010;
				LastUpgradeCheck = 1010;
				ORGANIZATIONNAME = "Ginés Sánchez";
				TargetAttributes = {
					22293C7B2225C32100679971 = {
						CreatedOnToolsVersion = 10.1;
					};
					22293C8F2225C32200679971 = {
						CreatedOnToolsVersion = 10.1;
						TestTargetID = 22293C7B2225C32100679971;
					};
				};
			};
			buildConfigurationList = 22293C772225C32100679971 /* Build configuration list for PBXProject "TestRecipes" */;
			compatibilityVersion = "Xcode 9.3";
			developmentRegion = en;
			hasScannedForEncodings = 0;
			knownRegions = (
				en,
				Base,
			);
			mainGroup = 22293C732225C32100679971;
			productRefGroup = 22293C7D2225C32100679971 /* Products */;
			projectDirPath = "";
			projectRoot = "";
			targets = (
				22293C7B2225C32100679971 /* TestRecipes */,
				22293C8F2225C32200679971 /* TestRecipesTests */,
			);
		};
/* End PBXProject section */

/* Begin PBXResourcesBuildPhase section */
		22293C7A2225C32100679971 /* Resources */ = {
			isa = PBXResourcesBuildPhase;
			buildActionMask = 2147483647;
			files = (
				22293C8A2225C32200679971 /* LaunchScreen.storyboard in Resources */,
				22293C872225C32200679971 /* Assets.xcassets in Resources */,
				22293C852225C32100679971 /* Main.storyboard in Resources */,
			);
			runOnlyForDeploymentPostprocessing = 0;
		};
		22293C8E2225C32200679971 /* Resources */ = {
			isa = PBXResourcesBuildPhase;
			buildActionMask = 2147483647;
			files = (
			);
			runOnlyForDeploymentPostprocessing = 0;
		};
/* End PBXResourcesBuildPhase section */

/* Begin PBXSourcesBuildPhase section */
		22293C782225C32100679971 /* Sources */ = {
			isa = PBXSourcesBuildPhase;
			buildActionMask = 2147483647;
			files = (
				22293C822225C32100679971 /* ViewController.swift in Sources */,
				22293C802225C32100679971 /* AppDelegate.swift in Sources */,
			);
			runOnlyForDeploymentPostprocessing = 0;
		};
		22293C8C2225C32200679971 /* Sources */ = {
			isa = PBXSourcesBuildPhase;
			buildActionMask = 2147483647;
			files = (
				22293C952225C32200679971 /* TestRecipesTests.swift in Sources */,
			);
			runOnlyForDeploymentPostprocessing = 0;
		};
/* End PBXSourcesBuildPhase section */

/* Begin PBXTargetDependency section */
		22293C922225C32200679971 /* PBXTargetDependency */ = {
			isa = PBXTargetDependency;
			target = 22293C7B2225C32100679971 /* TestRecipes */;
			targetProxy = 22293C912225C32200679971 /* PBXContainerItemProxy */;
		};
/* End PBXTargetDependency section */

/* Begin PBXVariantGroup section */
		22293C832225C32100679971 /* Main.storyboard */ = {
			isa = PBXVariantGroup;
			children = (
				22293C842225C32100679971 /* Base */,
			);
			name = Main.storyboard;
			sourceTree = "<group>";
		};
		22293C882225C32200679971 /* LaunchScreen.storyboard */ = {
			isa = PBXVariantGroup;
			children = (
				22293C892225C32200679971 /* Base */,
			);
			name = LaunchScreen.storyboard;
			sourceTree = "<group>";
		};
/* End PBXVariantGroup section */

/* Begin XCBuildConfiguration section */
		22293C972225C32200679971 /* Debug */ = {
			isa = XCBuildConfiguration;
			buildSettings = {
				ALWAYS_SEARCH_USER_PATHS = NO;
				CLANG_ANALYZER_NONNULL = YES;
				CLANG_ANALYZER_NUMBER_OBJECT_CONVERSION = YES_AGGRESSIVE;
				CLANG_CXX_LANGUAGE_STANDARD = "gnu++14";
				CLANG_CXX_LIBRARY = "libc++";
				CLANG_ENABLE_MODULES = YES;
				CLANG_ENABLE_OBJC_ARC = YES;
				CLANG_ENABLE_OBJC_WEAK = YES;
				CLANG_WARN_BLOCK_CAPTURE_AUTORELEASING = YES;
				CLANG_WARN_BOOL_CONVERSION = YES;
				CLANG_WARN_COMMA = YES;
				CLANG_WARN_CONSTANT_CONVERSION = YES;
				CLANG_WARN_DEPRECATED_OBJC_IMPLEMENTATIONS = YES;
				CLANG_WARN_DIRECT_OBJC_ISA_USAGE = YES_ERROR;
				CLANG_WARN_DOCUMENTATION_COMMENTS = YES;
				CLANG_WARN_EMPTY_BODY = YES;
				CLANG_WARN_ENUM_CONVERSION = YES;
				CLANG_WARN_INFINITE_RECURSION = YES;
				CLANG_WARN_INT_CONVERSION = YES;
				CLANG_WARN_NON_LITERAL_NULL_CONVERSION = YES;
				CLANG_WARN_OBJC_IMPLICIT_RETAIN_SELF = YES;
				CLANG_WARN_OBJC_LITERAL_CONVERSION = YES;
				CLANG_WARN_OBJC_ROOT_CLASS = YES_ERROR;
				CLANG_WARN_RANGE_LOOP_ANALYSIS = YES;
				CLANG_WARN_STRICT_PROTOTYPES = YES;
				CLANG_WARN_SUSPICIOUS_MOVE = YES;
				CLANG_WARN_UNGUARDED_AVAILABILITY = YES_AGGRESSIVE;
				CLANG_WARN_UNREACHABLE_CODE = YES;
				CLANG_WARN__DUPLICATE_METHOD_MATCH = YES;
				CODE_SIGN_IDENTITY = "iPhone Developer";
				COPY_PHASE_STRIP = NO;
				DEBUG_INFORMATION_FORMAT = dwarf;
				ENABLE_STRICT_OBJC_MSGSEND = YES;
				ENABLE_TESTABILITY = YES;
				GCC_C_LANGUAGE_STANDARD = gnu11;
				GCC_DYNAMIC_NO_PIC = NO;
				GCC_NO_COMMON_BLOCKS = YES;
				GCC_OPTIMIZATION_LEVEL = 0;
				GCC_PREPROCESSOR_DEFINITIONS = (
					"DEBUG=1",
					"$(inherited)",
				);
				GCC_WARN_64_TO_32_BIT_CONVERSION = YES;
				GCC_WARN_ABOUT_RETURN_TYPE = YES_ERROR;
				GCC_WARN_UNDECLARED_SELECTOR = YES;
				GCC_WARN_UNINITIALIZED_AUTOS = YES_AGGRESSIVE;
				GCC_WARN_UNUSED_FUNCTION = YES;
				GCC_WARN_UNUSED_VARIABLE = YES;
				IPHONEOS_DEPLOYMENT_TARGET = 12.1;
				MTL_ENABLE_DEBUG_INFO = INCLUDE_SOURCE;
				MTL_FAST_MATH = YES;
				ONLY_ACTIVE_ARCH = YES;
				SDKROOT = iphoneos;
				SWIFT_ACTIVE_COMPILATION_CONDITIONS = DEBUG;
				SWIFT_OPTIMIZATION_LEVEL = "-Onone";
			};
			name = Debug;
		};
		22293C982225C32200679971 /* Release */ = {
			isa = XCBuildConfiguration;
			buildSettings = {
				ALWAYS_SEARCH_USER_PATHS = NO;
				CLANG_ANALYZER_NONNULL = YES;
				CLANG_ANALYZER_NUMBER_OBJECT_CONVERSION = YES_AGGRESSIVE;
				CLANG_CXX_LANGUAGE_STANDARD = "gnu++14";
				CLANG_CXX_LIBRARY = "libc++";
				CLANG_ENABLE_MODULES = YES;
				CLANG_ENABLE_OBJC_ARC = YES;
				CLANG_ENABLE_OBJC_WEAK = YES;
				CLANG_WARN_BLOCK_CAPTURE_AUTORELEASING = YES;
				CLANG_WARN_BOOL_CONVERSION = YES;
				CLANG_WARN_COMMA = YES;
				CLANG_WARN_CONSTANT_CONVERSION = YES;
				CLANG_WARN_DEPRECATED_OBJC_IMPLEMENTATIONS = YES;
				CLANG_WARN_DIRECT_OBJC_ISA_USAGE = YES_ERROR;
				CLANG_WARN_DOCUMENTATION_COMMENTS = YES;
				CLANG_WARN_EMPTY_BODY = YES;
				CLANG_WARN_ENUM_CONVERSION = YES;
				CLANG_WARN_INFINITE_RECURSION = YES;
				CLANG_WARN_INT_CONVERSION = YES;
				CLANG_WARN_NON_LITERAL_NULL_CONVERSION = YES;
				CLANG_WARN_OBJC_IMPLICIT_RETAIN_SELF = YES;
				CLANG_WARN_OBJC_LITERAL_CONVERSION = YES;
				CLANG_WARN_OBJC_ROOT_CLASS = YES_ERROR;
				CLANG_WARN_RANGE_LOOP_ANALYSIS = YES;
				CLANG_WARN_STRICT_PROTOTYPES = YES;
				CLANG_WARN_SUSPICIOUS_MOVE = YES;
				CLANG_WARN_UNGUARDED_AVAILABILITY = YES_AGGRESSIVE;
				CLANG_WARN_UNREACHABLE_CODE = YES;
				CLANG_WARN__DUPLICATE_METHOD_MATCH = YES;
				CODE_SIGN_IDENTITY = "iPhone Developer";
				COPY_PHASE_STRIP = NO;
				DEBUG_INFORMATION_FORMAT = "dwarf-with-dsym";
				ENABLE_NS_ASSERTIONS = NO;
				ENABLE_STRICT_OBJC_MSGSEND = YES;
				GCC_C_LANGUAGE_STANDARD = gnu11;
				GCC_NO_COMMON_BLOCKS = YES;
				GCC_WARN_64_TO_32_BIT_CONVERSION = YES;
				GCC_WARN_ABOUT_RETURN_TYPE = YES_ERROR;
				GCC_WARN_UNDECLARED_SELECTOR = YES;
				GCC_WARN_UNINITIALIZED_AUTOS = YES_AGGRESSIVE;
				GCC_WARN_UNUSED_FUNCTION = YES;
				GCC_WARN_UNUSED_VARIABLE = YES;
				IPHONEOS_DEPLOYMENT_TARGET = 12.1;
				MTL_ENABLE_DEBUG_INFO = NO;
				MTL_FAST_MATH = YES;
				SDKROOT = iphoneos;
				SWIFT_COMPILATION_MODE = wholemodule;
				SWIFT_OPTIMIZATION_LEVEL = "-O";
				VALIDATE_PRODUCT = YES;
			};
			name = Release;
		};
		22293C9A2225C32200679971 /* Debug */ = {
			isa = XCBuildConfiguration;
			buildSettings = {
				ASSETCATALOG_COMPILER_APPICON_NAME = AppIcon;
				CODE_SIGN_STYLE = Automatic;
				INFOPLIST_FILE = TestRecipes/Info.plist;
				LD_RUNPATH_SEARCH_PATHS = (
					"$(inherited)",
					"@executable_path/Frameworks",
				);
				PRODUCT_BUNDLE_IDENTIFIER = GinesSanchez.TestRecipes;
				PRODUCT_NAME = "$(TARGET_NAME)";
				SWIFT_VERSION = 4.2;
				TARGETED_DEVICE_FAMILY = "1,2";
			};
			name = Debug;
		};
		22293C9B2225C32200679971 /* Release */ = {
			isa = XCBuildConfiguration;
			buildSettings = {
				ASSETCATALOG_COMPILER_APPICON_NAME = AppIcon;
				CODE_SIGN_STYLE = Automatic;
				INFOPLIST_FILE = TestRecipes/Info.plist;
				LD_RUNPATH_SEARCH_PATHS = (
					"$(inherited)",
					"@executable_path/Frameworks",
				);
				PRODUCT_BUNDLE_IDENTIFIER = GinesSanchez.TestRecipes;
				PRODUCT_NAME = "$(TARGET_NAME)";
				SWIFT_VERSION = 4.2;
				TARGETED_DEVICE_FAMILY = "1,2";
			};
			name = Release;
		};
		22293C9D2225C32200679971 /* Debug */ = {
			isa = XCBuildConfiguration;
			buildSettings = {
				ALWAYS_EMBED_SWIFT_STANDARD_LIBRARIES = YES;
				BUNDLE_LOADER = "$(TEST_HOST)";
				CODE_SIGN_STYLE = Automatic;
				INFOPLIST_FILE = TestRecipesTests/Info.plist;
				LD_RUNPATH_SEARCH_PATHS = (
					"$(inherited)",
					"@executable_path/Frameworks",
					"@loader_path/Frameworks",
				);
				PRODUCT_BUNDLE_IDENTIFIER = GinesSanchez.TestRecipesTests;
				PRODUCT_NAME = "$(TARGET_NAME)";
				SWIFT_VERSION = 4.2;
				TARGETED_DEVICE_FAMILY = "1,2";
				TEST_HOST = "$(BUILT_PRODUCTS_DIR)/TestRecipes.app/TestRecipes";
			};
			name = Debug;
		};
		22293C9E2225C32200679971 /* Release */ = {
			isa = XCBuildConfiguration;
			buildSettings = {
				ALWAYS_EMBED_SWIFT_STANDARD_LIBRARIES = YES;
				BUNDLE_LOADER = "$(TEST_HOST)";
				CODE_SIGN_STYLE = Automatic;
				INFOPLIST_FILE = TestRecipesTests/Info.plist;
				LD_RUNPATH_SEARCH_PATHS = (
					"$(inherited)",
					"@executable_path/Frameworks",
					"@loader_path/Frameworks",
				);
				PRODUCT_BUNDLE_IDENTIFIER = GinesSanchez.TestRecipesTests;
				PRODUCT_NAME = "$(TARGET_NAME)";
				SWIFT_VERSION = 4.2;
				TARGETED_DEVICE_FAMILY = "1,2";
				TEST_HOST = "$(BUILT_PRODUCTS_DIR)/TestRecipes.app/TestRecipes";
			};
			name = Release;
		};
/* End XCBuildConfiguration section */

/* Begin XCConfigurationList section */
		22293C772225C32100679971 /* Build configuration list for PBXProject "TestRecipes" */ = {
			isa = XCConfigurationList;
			buildConfigurations = (
				22293C972225C32200679971 /* Debug */,
				22293C982225C32200679971 /* Release */,
			);
			defaultConfigurationIsVisible = 0;
			defaultConfigurationName = Release;
		};
		22293C992225C32200679971 /* Build configuration list for PBXNativeTarget "TestRecipes" */ = {
			isa = XCConfigurationList;
			buildConfigurations = (
				22293C9A2225C32200679971 /* Debug */,
				22293C9B2225C32200679971 /* Release */,
			);
			defaultConfigurationIsVisible = 0;
			defaultConfigurationName = Release;
		};
		22293C9C2225C32200679971 /* Build configuration list for PBXNativeTarget "TestRecipesTests" */ = {
			isa = XCConfigurationList;
			buildConfigurations = (
				22293C9D2225C32200679971 /* Debug */,
				22293C9E2225C32200679971 /* Release */,
			);
			defaultConfigurationIsVisible = 0;
			defaultConfigurationName = Release;
		};
/* End XCConfigurationList section */
	};
	rootObject = 22293C742225C32100679971 /* Project object */;
}
