// !$*UTF8*$!
{
	archiveVersion = 1;
	classes = {
	};
	objectVersion = 50;
	objects = {

/* Begin PBXBuildFile section */
		2222886E2226640400CA6E5D /* RecipeSearchResult.swift in Sources */ = {isa = PBXBuildFile; fileRef = 2222886D2226640400CA6E5D /* RecipeSearchResult.swift */; };
		2222887022266B1400CA6E5D /* JSONInitializable.swift in Sources */ = {isa = PBXBuildFile; fileRef = 2222886F22266B1400CA6E5D /* JSONInitializable.swift */; };
		2222887222266BE900CA6E5D /* RecipeManagerError.swift in Sources */ = {isa = PBXBuildFile; fileRef = 2222887122266BE900CA6E5D /* RecipeManagerError.swift */; };
		2222887522270C6F00CA6E5D /* URL.swift in Sources */ = {isa = PBXBuildFile; fileRef = 2222887422270C6F00CA6E5D /* URL.swift */; };
		22293C802225C32100679971 /* AppDelegate.swift in Sources */ = {isa = PBXBuildFile; fileRef = 22293C7F2225C32100679971 /* AppDelegate.swift */; };
		22293C822225C32100679971 /* ViewController.swift in Sources */ = {isa = PBXBuildFile; fileRef = 22293C812225C32100679971 /* ViewController.swift */; };
		22293C872225C32200679971 /* Assets.xcassets in Resources */ = {isa = PBXBuildFile; fileRef = 22293C862225C32200679971 /* Assets.xcassets */; };
		22293C8A2225C32200679971 /* LaunchScreen.storyboard in Resources */ = {isa = PBXBuildFile; fileRef = 22293C882225C32200679971 /* LaunchScreen.storyboard */; };
		22293CA32225C63400679971 /* AppCoordinator.swift in Sources */ = {isa = PBXBuildFile; fileRef = 22293CA22225C63400679971 /* AppCoordinator.swift */; };
		22293CA72225C64F00679971 /* AppContext.swift in Sources */ = {isa = PBXBuildFile; fileRef = 22293CA62225C64F00679971 /* AppContext.swift */; };
		22293CAC2225C69600679971 /* RecipeListViewController.swift in Sources */ = {isa = PBXBuildFile; fileRef = 22293CAA2225C69600679971 /* RecipeListViewController.swift */; };
		22293CAD2225C69600679971 /* RecipeListViewController.xib in Resources */ = {isa = PBXBuildFile; fileRef = 22293CAB2225C69600679971 /* RecipeListViewController.xib */; };
		22293CAF2225C6AB00679971 /* RecipesCoordinator.swift in Sources */ = {isa = PBXBuildFile; fileRef = 22293CAE2225C6AB00679971 /* RecipesCoordinator.swift */; };
		22293CB12225C6BA00679971 /* RecipeListViewModel.swift in Sources */ = {isa = PBXBuildFile; fileRef = 22293CB02225C6BA00679971 /* RecipeListViewModel.swift */; };
		22293CB72225C6D500679971 /* ViewControllerFactoryType.swift in Sources */ = {isa = PBXBuildFile; fileRef = 22293CB32225C6D500679971 /* ViewControllerFactoryType.swift */; };
		22293CB82225C6D500679971 /* ViewControllerFactory.swift in Sources */ = {isa = PBXBuildFile; fileRef = 22293CB42225C6D500679971 /* ViewControllerFactory.swift */; };
		22293CB92225C6D500679971 /* CoordinatorFactoryType.swift in Sources */ = {isa = PBXBuildFile; fileRef = 22293CB52225C6D500679971 /* CoordinatorFactoryType.swift */; };
		22293CBA2225C6D500679971 /* CoordinatorFactory.swift in Sources */ = {isa = PBXBuildFile; fileRef = 22293CB62225C6D500679971 /* CoordinatorFactory.swift */; };
		22293CBD2225C7D500679971 /* Coordinating.swift in Sources */ = {isa = PBXBuildFile; fileRef = 22293CBC2225C7D500679971 /* Coordinating.swift */; };
		22293CC12225CB0400679971 /* NetworkManager.swift in Sources */ = {isa = PBXBuildFile; fileRef = 22293CBF2225CB0300679971 /* NetworkManager.swift */; };
		22293CC22225CB0400679971 /* NetworkManagerType.swift in Sources */ = {isa = PBXBuildFile; fileRef = 22293CC02225CB0300679971 /* NetworkManagerType.swift */; };
		22293CC42225CB2900679971 /* Constants.swift in Sources */ = {isa = PBXBuildFile; fileRef = 22293CC32225CB2900679971 /* Constants.swift */; };
		22293CC82225CB6D00679971 /* RecipeManagerType.swift in Sources */ = {isa = PBXBuildFile; fileRef = 22293CC72225CB6D00679971 /* RecipeManagerType.swift */; };
		22293CCA2225CB7900679971 /* RecipeManager.swift in Sources */ = {isa = PBXBuildFile; fileRef = 22293CC92225CB7900679971 /* RecipeManager.swift */; };
		2242D8072227C37800F30DE8 /* ViewModelState.swift in Sources */ = {isa = PBXBuildFile; fileRef = 2242D8062227C37800F30DE8 /* ViewModelState.swift */; };
		2242D8092227CF5D00F30DE8 /* UIImage.swift in Sources */ = {isa = PBXBuildFile; fileRef = 2242D8082227CF5D00F30DE8 /* UIImage.swift */; };
		2242D80F2227E61900F30DE8 /* RecipeDetailViewController.swift in Sources */ = {isa = PBXBuildFile; fileRef = 2242D80D2227E61900F30DE8 /* RecipeDetailViewController.swift */; };
		2242D8102227E61900F30DE8 /* RecipeDetailViewController.xib in Resources */ = {isa = PBXBuildFile; fileRef = 2242D80E2227E61900F30DE8 /* RecipeDetailViewController.xib */; };
		2242D8122227E65100F30DE8 /* RecipeDetailViewModel.swift in Sources */ = {isa = PBXBuildFile; fileRef = 2242D8112227E65100F30DE8 /* RecipeDetailViewModel.swift */; };
		2242D8162227E9D800F30DE8 /* Recipe.swift in Sources */ = {isa = PBXBuildFile; fileRef = 2242D8152227E9D800F30DE8 /* Recipe.swift */; };
		2242D81A22281BEE00F30DE8 /* WebViewController.swift in Sources */ = {isa = PBXBuildFile; fileRef = 2242D81822281BEE00F30DE8 /* WebViewController.swift */; };
		2242D81B22281BEE00F30DE8 /* WebViewController.xib in Resources */ = {isa = PBXBuildFile; fileRef = 2242D81922281BEE00F30DE8 /* WebViewController.xib */; };
		2242D8212228214300F30DE8 /* FakeAppContextType.swift in Sources */ = {isa = PBXBuildFile; fileRef = 2242D81F2228212800F30DE8 /* FakeAppContextType.swift */; };
		2242D8242228219600F30DE8 /* TestCaseBase.swift in Sources */ = {isa = PBXBuildFile; fileRef = 2242D8232228219600F30DE8 /* TestCaseBase.swift */; };
		2242D8262228220700F30DE8 /* FakeRecipeListModelDelegate.swift in Sources */ = {isa = PBXBuildFile; fileRef = 2242D8252228220700F30DE8 /* FakeRecipeListModelDelegate.swift */; };
		2242D8282228221500F30DE8 /* FakeRecipeDetailModelDelegate.swift in Sources */ = {isa = PBXBuildFile; fileRef = 2242D8272228221500F30DE8 /* FakeRecipeDetailModelDelegate.swift */; };
		2242D82A2228230400F30DE8 /* AppCoordinatorTest.swift in Sources */ = {isa = PBXBuildFile; fileRef = 2242D8292228230400F30DE8 /* AppCoordinatorTest.swift */; };
		2242D82C222823A700F30DE8 /* RecipesCoordinatorTest.swift in Sources */ = {isa = PBXBuildFile; fileRef = 2242D82B222823A700F30DE8 /* RecipesCoordinatorTest.swift */; };
		2242D82E222824BE00F30DE8 /* RecipeListViewModelTest.swift in Sources */ = {isa = PBXBuildFile; fileRef = 2242D82D222824BE00F30DE8 /* RecipeListViewModelTest.swift */; };
		2242D830222825A900F30DE8 /* RecipeDetailViewModelTest.swift in Sources */ = {isa = PBXBuildFile; fileRef = 2242D82F222825A900F30DE8 /* RecipeDetailViewModelTest.swift */; };
/* End PBXBuildFile section */

/* Begin PBXContainerItemProxy section */
		22293C912225C32200679971 /* PBXContainerItemProxy */ = {
			isa = PBXContainerItemProxy;
			containerPortal = 22293C742225C32100679971 /* Project object */;
			proxyType = 1;
			remoteGlobalIDString = 22293C7B2225C32100679971;
			remoteInfo = TestRecipes;
		};
/* End PBXContainerItemProxy section */

/* Begin PBXFileReference section */
		2222886D2226640400CA6E5D /* RecipeSearchResult.swift */ = {isa = PBXFileReference; lastKnownFileType = sourcecode.swift; path = RecipeSearchResult.swift; sourceTree = "<group>"; };
		2222886F22266B1400CA6E5D /* JSONInitializable.swift */ = {isa = PBXFileReference; lastKnownFileType = sourcecode.swift; path = JSONInitializable.swift; sourceTree = "<group>"; };
		2222887122266BE900CA6E5D /* RecipeManagerError.swift */ = {isa = PBXFileReference; lastKnownFileType = sourcecode.swift; path = RecipeManagerError.swift; sourceTree = "<group>"; };
		2222887422270C6F00CA6E5D /* URL.swift */ = {isa = PBXFileReference; lastKnownFileType = sourcecode.swift; path = URL.swift; sourceTree = "<group>"; };
		22293C7C2225C32100679971 /* TestRecipes.app */ = {isa = PBXFileReference; explicitFileType = wrapper.application; includeInIndex = 0; path = TestRecipes.app; sourceTree = BUILT_PRODUCTS_DIR; };
		22293C7F2225C32100679971 /* AppDelegate.swift */ = {isa = PBXFileReference; lastKnownFileType = sourcecode.swift; path = AppDelegate.swift; sourceTree = "<group>"; };
		22293C812225C32100679971 /* ViewController.swift */ = {isa = PBXFileReference; lastKnownFileType = sourcecode.swift; path = ViewController.swift; sourceTree = "<group>"; };
		22293C862225C32200679971 /* Assets.xcassets */ = {isa = PBXFileReference; lastKnownFileType = folder.assetcatalog; path = Assets.xcassets; sourceTree = "<group>"; };
		22293C892225C32200679971 /* Base */ = {isa = PBXFileReference; lastKnownFileType = file.storyboard; name = Base; path = Base.lproj/LaunchScreen.storyboard; sourceTree = "<group>"; };
		22293C8B2225C32200679971 /* Info.plist */ = {isa = PBXFileReference; lastKnownFileType = text.plist.xml; path = Info.plist; sourceTree = "<group>"; };
		22293C902225C32200679971 /* TestRecipesTests.xctest */ = {isa = PBXFileReference; explicitFileType = wrapper.cfbundle; includeInIndex = 0; path = TestRecipesTests.xctest; sourceTree = BUILT_PRODUCTS_DIR; };
		22293C962225C32200679971 /* Info.plist */ = {isa = PBXFileReference; lastKnownFileType = text.plist.xml; path = Info.plist; sourceTree = "<group>"; };
		22293CA22225C63400679971 /* AppCoordinator.swift */ = {isa = PBXFileReference; fileEncoding = 4; lastKnownFileType = sourcecode.swift; path = AppCoordinator.swift; sourceTree = "<group>"; };
		22293CA62225C64F00679971 /* AppContext.swift */ = {isa = PBXFileReference; fileEncoding = 4; lastKnownFileType = sourcecode.swift; path = AppContext.swift; sourceTree = "<group>"; };
		22293CAA2225C69600679971 /* RecipeListViewController.swift */ = {isa = PBXFileReference; lastKnownFileType = sourcecode.swift; path = RecipeListViewController.swift; sourceTree = "<group>"; };
		22293CAB2225C69600679971 /* RecipeListViewController.xib */ = {isa = PBXFileReference; lastKnownFileType = file.xib; path = RecipeListViewController.xib; sourceTree = "<group>"; };
		22293CAE2225C6AB00679971 /* RecipesCoordinator.swift */ = {isa = PBXFileReference; lastKnownFileType = sourcecode.swift; path = RecipesCoordinator.swift; sourceTree = "<group>"; };
		22293CB02225C6BA00679971 /* RecipeListViewModel.swift */ = {isa = PBXFileReference; lastKnownFileType = sourcecode.swift; path = RecipeListViewModel.swift; sourceTree = "<group>"; };
		22293CB32225C6D500679971 /* ViewControllerFactoryType.swift */ = {isa = PBXFileReference; fileEncoding = 4; lastKnownFileType = sourcecode.swift; path = ViewControllerFactoryType.swift; sourceTree = "<group>"; };
		22293CB42225C6D500679971 /* ViewControllerFactory.swift */ = {isa = PBXFileReference; fileEncoding = 4; lastKnownFileType = sourcecode.swift; path = ViewControllerFactory.swift; sourceTree = "<group>"; };
		22293CB52225C6D500679971 /* CoordinatorFactoryType.swift */ = {isa = PBXFileReference; fileEncoding = 4; lastKnownFileType = sourcecode.swift; path = CoordinatorFactoryType.swift; sourceTree = "<group>"; };
		22293CB62225C6D500679971 /* CoordinatorFactory.swift */ = {isa = PBXFileReference; fileEncoding = 4; lastKnownFileType = sourcecode.swift; path = CoordinatorFactory.swift; sourceTree = "<group>"; };
		22293CBC2225C7D500679971 /* Coordinating.swift */ = {isa = PBXFileReference; fileEncoding = 4; lastKnownFileType = sourcecode.swift; path = Coordinating.swift; sourceTree = "<group>"; };
		22293CBF2225CB0300679971 /* NetworkManager.swift */ = {isa = PBXFileReference; fileEncoding = 4; lastKnownFileType = sourcecode.swift; path = NetworkManager.swift; sourceTree = "<group>"; };
		22293CC02225CB0300679971 /* NetworkManagerType.swift */ = {isa = PBXFileReference; fileEncoding = 4; lastKnownFileType = sourcecode.swift; path = NetworkManagerType.swift; sourceTree = "<group>"; };
		22293CC32225CB2900679971 /* Constants.swift */ = {isa = PBXFileReference; fileEncoding = 4; lastKnownFileType = sourcecode.swift; path = Constants.swift; sourceTree = "<group>"; };
		22293CC72225CB6D00679971 /* RecipeManagerType.swift */ = {isa = PBXFileReference; lastKnownFileType = sourcecode.swift; path = RecipeManagerType.swift; sourceTree = "<group>"; };
		22293CC92225CB7900679971 /* RecipeManager.swift */ = {isa = PBXFileReference; lastKnownFileType = sourcecode.swift; path = RecipeManager.swift; sourceTree = "<group>"; };
		2242D8062227C37800F30DE8 /* ViewModelState.swift */ = {isa = PBXFileReference; fileEncoding = 4; lastKnownFileType = sourcecode.swift; path = ViewModelState.swift; sourceTree = "<group>"; };
		2242D8082227CF5D00F30DE8 /* UIImage.swift */ = {isa = PBXFileReference; lastKnownFileType = sourcecode.swift; path = UIImage.swift; sourceTree = "<group>"; };
		2242D80D2227E61900F30DE8 /* RecipeDetailViewController.swift */ = {isa = PBXFileReference; lastKnownFileType = sourcecode.swift; path = RecipeDetailViewController.swift; sourceTree = "<group>"; };
		2242D80E2227E61900F30DE8 /* RecipeDetailViewController.xib */ = {isa = PBXFileReference; lastKnownFileType = file.xib; path = RecipeDetailViewController.xib; sourceTree = "<group>"; };
		2242D8112227E65100F30DE8 /* RecipeDetailViewModel.swift */ = {isa = PBXFileReference; lastKnownFileType = sourcecode.swift; path = RecipeDetailViewModel.swift; sourceTree = "<group>"; };
		2242D8152227E9D800F30DE8 /* Recipe.swift */ = {isa = PBXFileReference; lastKnownFileType = sourcecode.swift; path = Recipe.swift; sourceTree = "<group>"; };
		2242D81822281BEE00F30DE8 /* WebViewController.swift */ = {isa = PBXFileReference; lastKnownFileType = sourcecode.swift; path = WebViewController.swift; sourceTree = "<group>"; };
		2242D81922281BEE00F30DE8 /* WebViewController.xib */ = {isa = PBXFileReference; lastKnownFileType = file.xib; path = WebViewController.xib; sourceTree = "<group>"; };
		2242D81F2228212800F30DE8 /* FakeAppContextType.swift */ = {isa = PBXFileReference; lastKnownFileType = sourcecode.swift; path = FakeAppContextType.swift; sourceTree = "<group>"; };
		2242D8232228219600F30DE8 /* TestCaseBase.swift */ = {isa = PBXFileReference; lastKnownFileType = sourcecode.swift; path = TestCaseBase.swift; sourceTree = "<group>"; };
		2242D8252228220700F30DE8 /* FakeRecipeListModelDelegate.swift */ = {isa = PBXFileReference; lastKnownFileType = sourcecode.swift; path = FakeRecipeListModelDelegate.swift; sourceTree = "<group>"; };
		2242D8272228221500F30DE8 /* FakeRecipeDetailModelDelegate.swift */ = {isa = PBXFileReference; lastKnownFileType = sourcecode.swift; path = FakeRecipeDetailModelDelegate.swift; sourceTree = "<group>"; };
		2242D8292228230400F30DE8 /* AppCoordinatorTest.swift */ = {isa = PBXFileReference; lastKnownFileType = sourcecode.swift; path = AppCoordinatorTest.swift; sourceTree = "<group>"; };
		2242D82B222823A700F30DE8 /* RecipesCoordinatorTest.swift */ = {isa = PBXFileReference; lastKnownFileType = sourcecode.swift; path = RecipesCoordinatorTest.swift; sourceTree = "<group>"; };
		2242D82D222824BE00F30DE8 /* RecipeListViewModelTest.swift */ = {isa = PBXFileReference; lastKnownFileType = sourcecode.swift; path = RecipeListViewModelTest.swift; sourceTree = "<group>"; };
		2242D82F222825A900F30DE8 /* RecipeDetailViewModelTest.swift */ = {isa = PBXFileReference; lastKnownFileType = sourcecode.swift; path = RecipeDetailViewModelTest.swift; sourceTree = "<group>"; };
/* End PBXFileReference section */

/* Begin PBXFrameworksBuildPhase section */
		22293C792225C32100679971 /* Frameworks */ = {
			isa = PBXFrameworksBuildPhase;
			buildActionMask = 2147483647;
			files = (
			);
			runOnlyForDeploymentPostprocessing = 0;
		};
		22293C8D2225C32200679971 /* Frameworks */ = {
			isa = PBXFrameworksBuildPhase;
			buildActionMask = 2147483647;
			files = (
			);
			runOnlyForDeploymentPostprocessing = 0;
		};
/* End PBXFrameworksBuildPhase section */

/* Begin PBXGroup section */
		2222886B2226635B00CA6E5D /* Models */ = {
			isa = PBXGroup;
			children = (
				2222886D2226640400CA6E5D /* RecipeSearchResult.swift */,
				2242D8152227E9D800F30DE8 /* Recipe.swift */,
			);
			path = Models;
			sourceTree = "<group>";
		};
		2222887322270C6200CA6E5D /* Extensions */ = {
			isa = PBXGroup;
			children = (
				2222887422270C6F00CA6E5D /* URL.swift */,
				2242D8082227CF5D00F30DE8 /* UIImage.swift */,
			);
			path = Extensions;
			sourceTree = "<group>";
		};
		22293C732225C32100679971 = {
			isa = PBXGroup;
			children = (
				22293C7E2225C32100679971 /* TestRecipes */,
				22293C932225C32200679971 /* TestRecipesTests */,
				22293C7D2225C32100679971 /* Products */,
			);
			sourceTree = "<group>";
		};
		22293C7D2225C32100679971 /* Products */ = {
			isa = PBXGroup;
			children = (
				22293C7C2225C32100679971 /* TestRecipes.app */,
				22293C902225C32200679971 /* TestRecipesTests.xctest */,
			);
			name = Products;
			sourceTree = "<group>";
		};
		22293C7E2225C32100679971 /* TestRecipes */ = {
			isa = PBXGroup;
			children = (
				22293CA02225C5C700679971 /* Resources */,
				22293C9F2225C5B400679971 /* Source */,
				22293C812225C32100679971 /* ViewController.swift */,
				22293C882225C32200679971 /* LaunchScreen.storyboard */,
				22293C8B2225C32200679971 /* Info.plist */,
			);
			path = TestRecipes;
			sourceTree = "<group>";
		};
		22293C932225C32200679971 /* TestRecipesTests */ = {
			isa = PBXGroup;
			children = (
				2242D8222228217E00F30DE8 /* TestHelpers */,
				2242D81C222820CB00F30DE8 /* Fakes */,
				22293C962225C32200679971 /* Info.plist */,
			);
			path = TestRecipesTests;
			sourceTree = "<group>";
		};
		22293C9F2225C5B400679971 /* Source */ = {
			isa = PBXGroup;
			children = (
				22293CA82225C67300679971 /* Views */,
				22293CA12225C5F900679971 /* Common */,
			);
			path = Source;
			sourceTree = "<group>";
		};
		22293CA02225C5C700679971 /* Resources */ = {
			isa = PBXGroup;
			children = (
				22293C862225C32200679971 /* Assets.xcassets */,
			);
			path = Resources;
			sourceTree = "<group>";
		};
		22293CA12225C5F900679971 /* Common */ = {
			isa = PBXGroup;
			children = (
				2242D8052227C36000F30DE8 /* Enums */,
				2222887322270C6200CA6E5D /* Extensions */,
				22293CB22225C6C600679971 /* Factories */,
				22293CBE2225CAC500679971 /* Managers */,
				22293CBB2225C7C500679971 /* Protocols */,
				22293CA62225C64F00679971 /* AppContext.swift */,
				22293CA22225C63400679971 /* AppCoordinator.swift */,
				2242D8292228230400F30DE8 /* AppCoordinatorTest.swift */,
				22293C7F2225C32100679971 /* AppDelegate.swift */,
				22293CC32225CB2900679971 /* Constants.swift */,
			);
			path = Common;
			sourceTree = "<group>";
		};
		22293CA82225C67300679971 /* Views */ = {
			isa = PBXGroup;
			children = (
				22293CAE2225C6AB00679971 /* RecipesCoordinator.swift */,
				2242D82B222823A700F30DE8 /* RecipesCoordinatorTest.swift */,
				2242D81722281BD100F30DE8 /* WebView */,
				2242D80C2227E5FD00F30DE8 /* RecipeDetail */,
				22293CA92225C67C00679971 /* RecipeList */,
			);
			path = Views;
			sourceTree = "<group>";
		};
		22293CA92225C67C00679971 /* RecipeList */ = {
			isa = PBXGroup;
			children = (
				22293CAA2225C69600679971 /* RecipeListViewController.swift */,
				22293CAB2225C69600679971 /* RecipeListViewController.xib */,
				22293CB02225C6BA00679971 /* RecipeListViewModel.swift */,
				2242D82D222824BE00F30DE8 /* RecipeListViewModelTest.swift */,
			);
			path = RecipeList;
			sourceTree = "<group>";
		};
		22293CB22225C6C600679971 /* Factories */ = {
			isa = PBXGroup;
			children = (
				22293CB62225C6D500679971 /* CoordinatorFactory.swift */,
				22293CB52225C6D500679971 /* CoordinatorFactoryType.swift */,
				22293CB42225C6D500679971 /* ViewControllerFactory.swift */,
				22293CB32225C6D500679971 /* ViewControllerFactoryType.swift */,
			);
			path = Factories;
			sourceTree = "<group>";
		};
		22293CBB2225C7C500679971 /* Protocols */ = {
			isa = PBXGroup;
			children = (
				22293CBC2225C7D500679971 /* Coordinating.swift */,
				2222886F22266B1400CA6E5D /* JSONInitializable.swift */,
			);
			path = Protocols;
			sourceTree = "<group>";
		};
		22293CBE2225CAC500679971 /* Managers */ = {
			isa = PBXGroup;
			children = (
				22293CC62225CB4A00679971 /* RecipeManager */,
				22293CC52225CB3900679971 /* NetWorkManager */,
			);
			path = Managers;
			sourceTree = "<group>";
		};
		22293CC52225CB3900679971 /* NetWorkManager */ = {
			isa = PBXGroup;
			children = (
				22293CBF2225CB0300679971 /* NetworkManager.swift */,
				22293CC02225CB0300679971 /* NetworkManagerType.swift */,
			);
			path = NetWorkManager;
			sourceTree = "<group>";
		};
		22293CC62225CB4A00679971 /* RecipeManager */ = {
			isa = PBXGroup;
			children = (
				2222886B2226635B00CA6E5D /* Models */,
				22293CC92225CB7900679971 /* RecipeManager.swift */,
				22293CC72225CB6D00679971 /* RecipeManagerType.swift */,
				2222887122266BE900CA6E5D /* RecipeManagerError.swift */,
			);
			path = RecipeManager;
			sourceTree = "<group>";
		};
		2242D8052227C36000F30DE8 /* Enums */ = {
			isa = PBXGroup;
			children = (
				2242D8062227C37800F30DE8 /* ViewModelState.swift */,
			);
			path = Enums;
			sourceTree = "<group>";
		};
		2242D80C2227E5FD00F30DE8 /* RecipeDetail */ = {
			isa = PBXGroup;
			children = (
				2242D80D2227E61900F30DE8 /* RecipeDetailViewController.swift */,
				2242D80E2227E61900F30DE8 /* RecipeDetailViewController.xib */,
				2242D8112227E65100F30DE8 /* RecipeDetailViewModel.swift */,
				2242D82F222825A900F30DE8 /* RecipeDetailViewModelTest.swift */,
			);
			path = RecipeDetail;
			sourceTree = "<group>";
		};
		2242D81722281BD100F30DE8 /* WebView */ = {
			isa = PBXGroup;
			children = (
				2242D81822281BEE00F30DE8 /* WebViewController.swift */,
				2242D81922281BEE00F30DE8 /* WebViewController.xib */,
			);
			path = WebView;
			sourceTree = "<group>";
		};
		2242D81C222820CB00F30DE8 /* Fakes */ = {
			isa = PBXGroup;
			children = (
				2242D81F2228212800F30DE8 /* FakeAppContextType.swift */,
				2242D8252228220700F30DE8 /* FakeRecipeListModelDelegate.swift */,
				2242D8272228221500F30DE8 /* FakeRecipeDetailModelDelegate.swift */,
			);
			path = Fakes;
			sourceTree = "<group>";
		};
		2242D8222228217E00F30DE8 /* TestHelpers */ = {
			isa = PBXGroup;
			children = (
				2242D8232228219600F30DE8 /* TestCaseBase.swift */,
			);
			path = TestHelpers;
			sourceTree = "<group>";
		};
/* End PBXGroup section */

/* Begin PBXNativeTarget section */
		22293C7B2225C32100679971 /* TestRecipes */ = {
			isa = PBXNativeTarget;
			buildConfigurationList = 22293C992225C32200679971 /* Build configuration list for PBXNativeTarget "TestRecipes" */;
			buildPhases = (
				22293C782225C32100679971 /* Sources */,
				22293C792225C32100679971 /* Frameworks */,
				22293C7A2225C32100679971 /* Resources */,
			);
			buildRules = (
			);
			dependencies = (
			);
			name = TestRecipes;
			productName = TestRecipes;
			productReference = 22293C7C2225C32100679971 /* TestRecipes.app */;
			productType = "com.apple.product-type.application";
		};
		22293C8F2225C32200679971 /* TestRecipesTests */ = {
			isa = PBXNativeTarget;
			buildConfigurationList = 22293C9C2225C32200679971 /* Build configuration list for PBXNativeTarget "TestRecipesTests" */;
			buildPhases = (
				22293C8C2225C32200679971 /* Sources */,
				22293C8D2225C32200679971 /* Frameworks */,
				22293C8E2225C32200679971 /* Resources */,
			);
			buildRules = (
			);
			dependencies = (
				22293C922225C32200679971 /* PBXTargetDependency */,
			);
			name = TestRecipesTests;
			productName = TestRecipesTests;
			productReference = 22293C902225C32200679971 /* TestRecipesTests.xctest */;
			productType = "com.apple.product-type.bundle.unit-test";
		};
/* End PBXNativeTarget section */

/* Begin PBXProject section */
		22293C742225C32100679971 /* Project object */ = {
			isa = PBXProject;
			attributes = {
				LastSwiftUpdateCheck = 1010;
				LastUpgradeCheck = 1010;
				ORGANIZATIONNAME = "Ginés Sánchez";
				TargetAttributes = {
					22293C7B2225C32100679971 = {
						CreatedOnToolsVersion = 10.1;
					};
					22293C8F2225C32200679971 = {
						CreatedOnToolsVersion = 10.1;
						TestTargetID = 22293C7B2225C32100679971;
					};
				};
			};
			buildConfigurationList = 22293C772225C32100679971 /* Build configuration list for PBXProject "TestRecipes" */;
			compatibilityVersion = "Xcode 9.3";
			developmentRegion = en;
			hasScannedForEncodings = 0;
			knownRegions = (
				en,
				Base,
			);
			mainGroup = 22293C732225C32100679971;
			productRefGroup = 22293C7D2225C32100679971 /* Products */;
			projectDirPath = "";
			projectRoot = "";
			targets = (
				22293C7B2225C32100679971 /* TestRecipes */,
				22293C8F2225C32200679971 /* TestRecipesTests */,
			);
		};
/* End PBXProject section */

/* Begin PBXResourcesBuildPhase section */
		22293C7A2225C32100679971 /* Resources */ = {
			isa = PBXResourcesBuildPhase;
			buildActionMask = 2147483647;
			files = (
				22293CAD2225C69600679971 /* RecipeListViewController.xib in Resources */,
				2242D8102227E61900F30DE8 /* RecipeDetailViewController.xib in Resources */,
				22293C8A2225C32200679971 /* LaunchScreen.storyboard in Resources */,
				2242D81B22281BEE00F30DE8 /* WebViewController.xib in Resources */,
				22293C872225C32200679971 /* Assets.xcassets in Resources */,
			);
			runOnlyForDeploymentPostprocessing = 0;
		};
		22293C8E2225C32200679971 /* Resources */ = {
			isa = PBXResourcesBuildPhase;
			buildActionMask = 2147483647;
			files = (
			);
			runOnlyForDeploymentPostprocessing = 0;
		};
/* End PBXResourcesBuildPhase section */

/* Begin PBXSourcesBuildPhase section */
		22293C782225C32100679971 /* Sources */ = {
			isa = PBXSourcesBuildPhase;
			buildActionMask = 2147483647;
			files = (
				22293CC22225CB0400679971 /* NetworkManagerType.swift in Sources */,
				2242D81A22281BEE00F30DE8 /* WebViewController.swift in Sources */,
				22293CCA2225CB7900679971 /* RecipeManager.swift in Sources */,
				22293CB82225C6D500679971 /* ViewControllerFactory.swift in Sources */,
				22293CB72225C6D500679971 /* ViewControllerFactoryType.swift in Sources */,
				22293CBA2225C6D500679971 /* CoordinatorFactory.swift in Sources */,
				2242D8212228214300F30DE8 /* FakeAppContextType.swift in Sources */,
				22293CC12225CB0400679971 /* NetworkManager.swift in Sources */,
				2242D8072227C37800F30DE8 /* ViewModelState.swift in Sources */,
				22293CC42225CB2900679971 /* Constants.swift in Sources */,
				22293CAF2225C6AB00679971 /* RecipesCoordinator.swift in Sources */,
				2222887022266B1400CA6E5D /* JSONInitializable.swift in Sources */,
				2242D80F2227E61900F30DE8 /* RecipeDetailViewController.swift in Sources */,
				22293CC82225CB6D00679971 /* RecipeManagerType.swift in Sources */,
				22293CA72225C64F00679971 /* AppContext.swift in Sources */,
				22293CAC2225C69600679971 /* RecipeListViewController.swift in Sources */,
				2222887222266BE900CA6E5D /* RecipeManagerError.swift in Sources */,
				22293CB12225C6BA00679971 /* RecipeListViewModel.swift in Sources */,
				22293CA32225C63400679971 /* AppCoordinator.swift in Sources */,
				22293C822225C32100679971 /* ViewController.swift in Sources */,
				2242D8122227E65100F30DE8 /* RecipeDetailViewModel.swift in Sources */,
				22293CB92225C6D500679971 /* CoordinatorFactoryType.swift in Sources */,
				2222887522270C6F00CA6E5D /* URL.swift in Sources */,
				2242D8092227CF5D00F30DE8 /* UIImage.swift in Sources */,
				2222886E2226640400CA6E5D /* RecipeSearchResult.swift in Sources */,
				2242D8162227E9D800F30DE8 /* Recipe.swift in Sources */,
				22293CBD2225C7D500679971 /* Coordinating.swift in Sources */,
				22293C802225C32100679971 /* AppDelegate.swift in Sources */,
			);
			runOnlyForDeploymentPostprocessing = 0;
		};
		22293C8C2225C32200679971 /* Sources */ = {
			isa = PBXSourcesBuildPhase;
			buildActionMask = 2147483647;
			files = (
				2242D82A2228230400F30DE8 /* AppCoordinatorTest.swift in Sources */,
				2242D82C222823A700F30DE8 /* RecipesCoordinatorTest.swift in Sources */,
				2242D82E222824BE00F30DE8 /* RecipeListViewModelTest.swift in Sources */,
				2242D8282228221500F30DE8 /* FakeRecipeDetailModelDelegate.swift in Sources */,
				2242D830222825A900F30DE8 /* RecipeDetailViewModelTest.swift in Sources */,
				2242D8262228220700F30DE8 /* FakeRecipeListModelDelegate.swift in Sources */,
				2242D8242228219600F30DE8 /* TestCaseBase.swift in Sources */,
			);
			runOnlyForDeploymentPostprocessing = 0;
		};
/* End PBXSourcesBuildPhase section */

/* Begin PBXTargetDependency section */
		22293C922225C32200679971 /* PBXTargetDependency */ = {
			isa = PBXTargetDependency;
			target = 22293C7B2225C32100679971 /* TestRecipes */;
			targetProxy = 22293C912225C32200679971 /* PBXContainerItemProxy */;
		};
/* End PBXTargetDependency section */

/* Begin PBXVariantGroup section */
		22293C882225C32200679971 /* LaunchScreen.storyboard */ = {
			isa = PBXVariantGroup;
			children = (
				22293C892225C32200679971 /* Base */,
			);
			name = LaunchScreen.storyboard;
			sourceTree = "<group>";
		};
/* End PBXVariantGroup section */

/* Begin XCBuildConfiguration section */
		22293C972225C32200679971 /* Debug */ = {
			isa = XCBuildConfiguration;
			buildSettings = {
				ALWAYS_SEARCH_USER_PATHS = NO;
				CLANG_ANALYZER_NONNULL = YES;
				CLANG_ANALYZER_NUMBER_OBJECT_CONVERSION = YES_AGGRESSIVE;
				CLANG_CXX_LANGUAGE_STANDARD = "gnu++14";
				CLANG_CXX_LIBRARY = "libc++";
				CLANG_ENABLE_MODULES = YES;
				CLANG_ENABLE_OBJC_ARC = YES;
				CLANG_ENABLE_OBJC_WEAK = YES;
				CLANG_WARN_BLOCK_CAPTURE_AUTORELEASING = YES;
				CLANG_WARN_BOOL_CONVERSION = YES;
				CLANG_WARN_COMMA = YES;
				CLANG_WARN_CONSTANT_CONVERSION = YES;
				CLANG_WARN_DEPRECATED_OBJC_IMPLEMENTATIONS = YES;
				CLANG_WARN_DIRECT_OBJC_ISA_USAGE = YES_ERROR;
				CLANG_WARN_DOCUMENTATION_COMMENTS = YES;
				CLANG_WARN_EMPTY_BODY = YES;
				CLANG_WARN_ENUM_CONVERSION = YES;
				CLANG_WARN_INFINITE_RECURSION = YES;
				CLANG_WARN_INT_CONVERSION = YES;
				CLANG_WARN_NON_LITERAL_NULL_CONVERSION = YES;
				CLANG_WARN_OBJC_IMPLICIT_RETAIN_SELF = YES;
				CLANG_WARN_OBJC_LITERAL_CONVERSION = YES;
				CLANG_WARN_OBJC_ROOT_CLASS = YES_ERROR;
				CLANG_WARN_RANGE_LOOP_ANALYSIS = YES;
				CLANG_WARN_STRICT_PROTOTYPES = YES;
				CLANG_WARN_SUSPICIOUS_MOVE = YES;
				CLANG_WARN_UNGUARDED_AVAILABILITY = YES_AGGRESSIVE;
				CLANG_WARN_UNREACHABLE_CODE = YES;
				CLANG_WARN__DUPLICATE_METHOD_MATCH = YES;
				CODE_SIGN_IDENTITY = "iPhone Developer";
				COPY_PHASE_STRIP = NO;
				DEBUG_INFORMATION_FORMAT = dwarf;
				ENABLE_STRICT_OBJC_MSGSEND = YES;
				ENABLE_TESTABILITY = YES;
				GCC_C_LANGUAGE_STANDARD = gnu11;
				GCC_DYNAMIC_NO_PIC = NO;
				GCC_NO_COMMON_BLOCKS = YES;
				GCC_OPTIMIZATION_LEVEL = 0;
				GCC_PREPROCESSOR_DEFINITIONS = (
					"DEBUG=1",
					"$(inherited)",
				);
				GCC_WARN_64_TO_32_BIT_CONVERSION = YES;
				GCC_WARN_ABOUT_RETURN_TYPE = YES_ERROR;
				GCC_WARN_UNDECLARED_SELECTOR = YES;
				GCC_WARN_UNINITIALIZED_AUTOS = YES_AGGRESSIVE;
				GCC_WARN_UNUSED_FUNCTION = YES;
				GCC_WARN_UNUSED_VARIABLE = YES;
				IPHONEOS_DEPLOYMENT_TARGET = 12.1;
				MTL_ENABLE_DEBUG_INFO = INCLUDE_SOURCE;
				MTL_FAST_MATH = YES;
				ONLY_ACTIVE_ARCH = YES;
				SDKROOT = iphoneos;
				SWIFT_ACTIVE_COMPILATION_CONDITIONS = DEBUG;
				SWIFT_OPTIMIZATION_LEVEL = "-Onone";
			};
			name = Debug;
		};
		22293C982225C32200679971 /* Release */ = {
			isa = XCBuildConfiguration;
			buildSettings = {
				ALWAYS_SEARCH_USER_PATHS = NO;
				CLANG_ANALYZER_NONNULL = YES;
				CLANG_ANALYZER_NUMBER_OBJECT_CONVERSION = YES_AGGRESSIVE;
				CLANG_CXX_LANGUAGE_STANDARD = "gnu++14";
				CLANG_CXX_LIBRARY = "libc++";
				CLANG_ENABLE_MODULES = YES;
				CLANG_ENABLE_OBJC_ARC = YES;
				CLANG_ENABLE_OBJC_WEAK = YES;
				CLANG_WARN_BLOCK_CAPTURE_AUTORELEASING = YES;
				CLANG_WARN_BOOL_CONVERSION = YES;
				CLANG_WARN_COMMA = YES;
				CLANG_WARN_CONSTANT_CONVERSION = YES;
				CLANG_WARN_DEPRECATED_OBJC_IMPLEMENTATIONS = YES;
				CLANG_WARN_DIRECT_OBJC_ISA_USAGE = YES_ERROR;
				CLANG_WARN_DOCUMENTATION_COMMENTS = YES;
				CLANG_WARN_EMPTY_BODY = YES;
				CLANG_WARN_ENUM_CONVERSION = YES;
				CLANG_WARN_INFINITE_RECURSION = YES;
				CLANG_WARN_INT_CONVERSION = YES;
				CLANG_WARN_NON_LITERAL_NULL_CONVERSION = YES;
				CLANG_WARN_OBJC_IMPLICIT_RETAIN_SELF = YES;
				CLANG_WARN_OBJC_LITERAL_CONVERSION = YES;
				CLANG_WARN_OBJC_ROOT_CLASS = YES_ERROR;
				CLANG_WARN_RANGE_LOOP_ANALYSIS = YES;
				CLANG_WARN_STRICT_PROTOTYPES = YES;
				CLANG_WARN_SUSPICIOUS_MOVE = YES;
				CLANG_WARN_UNGUARDED_AVAILABILITY = YES_AGGRESSIVE;
				CLANG_WARN_UNREACHABLE_CODE = YES;
				CLANG_WARN__DUPLICATE_METHOD_MATCH = YES;
				CODE_SIGN_IDENTITY = "iPhone Developer";
				COPY_PHASE_STRIP = NO;
				DEBUG_INFORMATION_FORMAT = "dwarf-with-dsym";
				ENABLE_NS_ASSERTIONS = NO;
				ENABLE_STRICT_OBJC_MSGSEND = YES;
				GCC_C_LANGUAGE_STANDARD = gnu11;
				GCC_NO_COMMON_BLOCKS = YES;
				GCC_WARN_64_TO_32_BIT_CONVERSION = YES;
				GCC_WARN_ABOUT_RETURN_TYPE = YES_ERROR;
				GCC_WARN_UNDECLARED_SELECTOR = YES;
				GCC_WARN_UNINITIALIZED_AUTOS = YES_AGGRESSIVE;
				GCC_WARN_UNUSED_FUNCTION = YES;
				GCC_WARN_UNUSED_VARIABLE = YES;
				IPHONEOS_DEPLOYMENT_TARGET = 12.1;
				MTL_ENABLE_DEBUG_INFO = NO;
				MTL_FAST_MATH = YES;
				SDKROOT = iphoneos;
				SWIFT_COMPILATION_MODE = wholemodule;
				SWIFT_OPTIMIZATION_LEVEL = "-O";
				VALIDATE_PRODUCT = YES;
			};
			name = Release;
		};
		22293C9A2225C32200679971 /* Debug */ = {
			isa = XCBuildConfiguration;
			buildSettings = {
				ASSETCATALOG_COMPILER_APPICON_NAME = AppIcon;
				CODE_SIGN_STYLE = Automatic;
				INFOPLIST_FILE = TestRecipes/Info.plist;
				LD_RUNPATH_SEARCH_PATHS = (
					"$(inherited)",
					"@executable_path/Frameworks",
				);
				PRODUCT_BUNDLE_IDENTIFIER = GinesSanchez.TestRecipes;
				PRODUCT_NAME = "$(TARGET_NAME)";
				SWIFT_VERSION = 4.2;
				TARGETED_DEVICE_FAMILY = "1,2";
			};
			name = Debug;
		};
		22293C9B2225C32200679971 /* Release */ = {
			isa = XCBuildConfiguration;
			buildSettings = {
				ASSETCATALOG_COMPILER_APPICON_NAME = AppIcon;
				CODE_SIGN_STYLE = Automatic;
				INFOPLIST_FILE = TestRecipes/Info.plist;
				LD_RUNPATH_SEARCH_PATHS = (
					"$(inherited)",
					"@executable_path/Frameworks",
				);
				PRODUCT_BUNDLE_IDENTIFIER = GinesSanchez.TestRecipes;
				PRODUCT_NAME = "$(TARGET_NAME)";
				SWIFT_VERSION = 4.2;
				TARGETED_DEVICE_FAMILY = "1,2";
			};
			name = Release;
		};
		22293C9D2225C32200679971 /* Debug */ = {
			isa = XCBuildConfiguration;
			buildSettings = {
				ALWAYS_EMBED_SWIFT_STANDARD_LIBRARIES = YES;
				BUNDLE_LOADER = "$(TEST_HOST)";
				CODE_SIGN_STYLE = Automatic;
				INFOPLIST_FILE = TestRecipesTests/Info.plist;
				LD_RUNPATH_SEARCH_PATHS = (
					"$(inherited)",
					"@executable_path/Frameworks",
					"@loader_path/Frameworks",
				);
				PRODUCT_BUNDLE_IDENTIFIER = GinesSanchez.TestRecipesTests;
				PRODUCT_NAME = "$(TARGET_NAME)";
				SWIFT_VERSION = 4.2;
				TARGETED_DEVICE_FAMILY = "1,2";
				TEST_HOST = "$(BUILT_PRODUCTS_DIR)/TestRecipes.app/TestRecipes";
			};
			name = Debug;
		};
		22293C9E2225C32200679971 /* Release */ = {
			isa = XCBuildConfiguration;
			buildSettings = {
				ALWAYS_EMBED_SWIFT_STANDARD_LIBRARIES = YES;
				BUNDLE_LOADER = "$(TEST_HOST)";
				CODE_SIGN_STYLE = Automatic;
				INFOPLIST_FILE = TestRecipesTests/Info.plist;
				LD_RUNPATH_SEARCH_PATHS = (
					"$(inherited)",
					"@executable_path/Frameworks",
					"@loader_path/Frameworks",
				);
				PRODUCT_BUNDLE_IDENTIFIER = GinesSanchez.TestRecipesTests;
				PRODUCT_NAME = "$(TARGET_NAME)";
				SWIFT_VERSION = 4.2;
				TARGETED_DEVICE_FAMILY = "1,2";
				TEST_HOST = "$(BUILT_PRODUCTS_DIR)/TestRecipes.app/TestRecipes";
			};
			name = Release;
		};
/* End XCBuildConfiguration section */

/* Begin XCConfigurationList section */
		22293C772225C32100679971 /* Build configuration list for PBXProject "TestRecipes" */ = {
			isa = XCConfigurationList;
			buildConfigurations = (
				22293C972225C32200679971 /* Debug */,
				22293C982225C32200679971 /* Release */,
			);
			defaultConfigurationIsVisible = 0;
			defaultConfigurationName = Release;
		};
		22293C992225C32200679971 /* Build configuration list for PBXNativeTarget "TestRecipes" */ = {
			isa = XCConfigurationList;
			buildConfigurations = (
				22293C9A2225C32200679971 /* Debug */,
				22293C9B2225C32200679971 /* Release */,
			);
			defaultConfigurationIsVisible = 0;
			defaultConfigurationName = Release;
		};
		22293C9C2225C32200679971 /* Build configuration list for PBXNativeTarget "TestRecipesTests" */ = {
			isa = XCConfigurationList;
			buildConfigurations = (
				22293C9D2225C32200679971 /* Debug */,
				22293C9E2225C32200679971 /* Release */,
			);
			defaultConfigurationIsVisible = 0;
			defaultConfigurationName = Release;
		};
/* End XCConfigurationList section */
	};
	rootObject = 22293C742225C32100679971 /* Project object */;
}
